// !$*UTF8*$!
{
	archiveVersion = 1;
	classes = {
	};
	objectVersion = 50;
	objects = {

/* Begin PBXBuildFile section */
		334C3AA522888395008E31FD /* AppDelegate.swift in Sources */ = {isa = PBXBuildFile; fileRef = 334C3AA422888395008E31FD /* AppDelegate.swift */; };
		334C3AAC22888396008E31FD /* Assets.xcassets in Resources */ = {isa = PBXBuildFile; fileRef = 334C3AAB22888396008E31FD /* Assets.xcassets */; };
		334C3AAF22888396008E31FD /* LaunchScreen.storyboard in Resources */ = {isa = PBXBuildFile; fileRef = 334C3AAD22888396008E31FD /* LaunchScreen.storyboard */; };
		334C3AC9228884BD008E31FD /* AssertionsAdditions.swift in Sources */ = {isa = PBXBuildFile; fileRef = 334C3AC8228884BD008E31FD /* AssertionsAdditions.swift */; };
		334C3ACF228884C5008E31FD /* BoardTests.swift in Sources */ = {isa = PBXBuildFile; fileRef = 334C3ACB228884C5008E31FD /* BoardTests.swift */; };
		334C3AD0228884C5008E31FD /* PlayerTests.swift in Sources */ = {isa = PBXBuildFile; fileRef = 334C3ACC228884C5008E31FD /* PlayerTests.swift */; };
		334C3AD2228884C5008E31FD /* PlayTests.swift in Sources */ = {isa = PBXBuildFile; fileRef = 334C3ACE228884C5008E31FD /* PlayTests.swift */; };
		334C3AD9228884CD008E31FD /* Mark.swift in Sources */ = {isa = PBXBuildFile; fileRef = 334C3AD5228884CC008E31FD /* Mark.swift */; };
		334C3ADA228884CD008E31FD /* Board.swift in Sources */ = {isa = PBXBuildFile; fileRef = 334C3AD6228884CC008E31FD /* Board.swift */; };
		334C3ADB228884CD008E31FD /* Player.swift in Sources */ = {isa = PBXBuildFile; fileRef = 334C3AD7228884CC008E31FD /* Player.swift */; };
		334C3ADD228884D0008E31FD /* Mark.swift in Sources */ = {isa = PBXBuildFile; fileRef = 334C3AD5228884CC008E31FD /* Mark.swift */; };
		334C3ADE228884D0008E31FD /* Board.swift in Sources */ = {isa = PBXBuildFile; fileRef = 334C3AD6228884CC008E31FD /* Board.swift */; };
		334C3ADF228884D0008E31FD /* Player.swift in Sources */ = {isa = PBXBuildFile; fileRef = 334C3AD7228884CC008E31FD /* Player.swift */; };
		334C3AE122888ACF008E31FD /* TicTacToe.swift in Sources */ = {isa = PBXBuildFile; fileRef = 334C3AD4228884CC008E31FD /* TicTacToe.swift */; };
		334C3AE222888ACF008E31FD /* TicTacToe.swift in Sources */ = {isa = PBXBuildFile; fileRef = 334C3AD4228884CC008E31FD /* TicTacToe.swift */; };
		334C3AE322888AD2008E31FD /* TicTacToeTests.swift in Sources */ = {isa = PBXBuildFile; fileRef = 334C3ACD228884C5008E31FD /* TicTacToeTests.swift */; };
		334C3AE622888E04008E31FD /* Array+Extension.swift in Sources */ = {isa = PBXBuildFile; fileRef = 334C3AE522888E04008E31FD /* Array+Extension.swift */; };
		334C3AE722888E34008E31FD /* Array+Extension.swift in Sources */ = {isa = PBXBuildFile; fileRef = 334C3AE522888E04008E31FD /* Array+Extension.swift */; };
/* End PBXBuildFile section */

/* Begin PBXContainerItemProxy section */
		334C3AB622888396008E31FD /* PBXContainerItemProxy */ = {
			isa = PBXContainerItemProxy;
			containerPortal = 334C3A9922888395008E31FD /* Project object */;
			proxyType = 1;
			remoteGlobalIDString = 334C3AA022888395008E31FD;
			remoteInfo = TicTacToe;
		};
/* End PBXContainerItemProxy section */

/* Begin PBXFileReference section */
		334C3AA122888395008E31FD /* TicTacToe.app */ = {isa = PBXFileReference; explicitFileType = wrapper.application; includeInIndex = 0; path = TicTacToe.app; sourceTree = BUILT_PRODUCTS_DIR; };
		334C3AA422888395008E31FD /* AppDelegate.swift */ = {isa = PBXFileReference; lastKnownFileType = sourcecode.swift; path = AppDelegate.swift; sourceTree = "<group>"; };
		334C3AAB22888396008E31FD /* Assets.xcassets */ = {isa = PBXFileReference; lastKnownFileType = folder.assetcatalog; path = Assets.xcassets; sourceTree = "<group>"; };
		334C3AAE22888396008E31FD /* Base */ = {isa = PBXFileReference; lastKnownFileType = file.storyboard; name = Base; path = Base.lproj/LaunchScreen.storyboard; sourceTree = "<group>"; };
		334C3AB022888396008E31FD /* Info.plist */ = {isa = PBXFileReference; lastKnownFileType = text.plist.xml; path = Info.plist; sourceTree = "<group>"; };
		334C3AB522888396008E31FD /* TicTacToeTests.xctest */ = {isa = PBXFileReference; explicitFileType = wrapper.cfbundle; includeInIndex = 0; path = TicTacToeTests.xctest; sourceTree = BUILT_PRODUCTS_DIR; };
		334C3ABB22888396008E31FD /* Info.plist */ = {isa = PBXFileReference; lastKnownFileType = text.plist.xml; path = Info.plist; sourceTree = "<group>"; };
		334C3AC8228884BD008E31FD /* AssertionsAdditions.swift */ = {isa = PBXFileReference; fileEncoding = 4; lastKnownFileType = sourcecode.swift; path = AssertionsAdditions.swift; sourceTree = "<group>"; };
		334C3ACB228884C5008E31FD /* BoardTests.swift */ = {isa = PBXFileReference; fileEncoding = 4; lastKnownFileType = sourcecode.swift; path = BoardTests.swift; sourceTree = "<group>"; };
		334C3ACC228884C5008E31FD /* PlayerTests.swift */ = {isa = PBXFileReference; fileEncoding = 4; lastKnownFileType = sourcecode.swift; path = PlayerTests.swift; sourceTree = "<group>"; };
		334C3ACD228884C5008E31FD /* TicTacToeTests.swift */ = {isa = PBXFileReference; fileEncoding = 4; lastKnownFileType = sourcecode.swift; path = TicTacToeTests.swift; sourceTree = "<group>"; };
		334C3ACE228884C5008E31FD /* PlayTests.swift */ = {isa = PBXFileReference; fileEncoding = 4; lastKnownFileType = sourcecode.swift; path = PlayTests.swift; sourceTree = "<group>"; };
		334C3AD4228884CC008E31FD /* TicTacToe.swift */ = {isa = PBXFileReference; fileEncoding = 4; lastKnownFileType = sourcecode.swift; path = TicTacToe.swift; sourceTree = "<group>"; };
		334C3AD5228884CC008E31FD /* Mark.swift */ = {isa = PBXFileReference; fileEncoding = 4; lastKnownFileType = sourcecode.swift; path = Mark.swift; sourceTree = "<group>"; };
		334C3AD6228884CC008E31FD /* Board.swift */ = {isa = PBXFileReference; fileEncoding = 4; lastKnownFileType = sourcecode.swift; path = Board.swift; sourceTree = "<group>"; };
		334C3AD7228884CC008E31FD /* Player.swift */ = {isa = PBXFileReference; fileEncoding = 4; lastKnownFileType = sourcecode.swift; path = Player.swift; sourceTree = "<group>"; };
		334C3AE522888E04008E31FD /* Array+Extension.swift */ = {isa = PBXFileReference; lastKnownFileType = sourcecode.swift; path = "Array+Extension.swift"; sourceTree = "<group>"; };
/* End PBXFileReference section */

/* Begin PBXFrameworksBuildPhase section */
		334C3A9E22888395008E31FD /* Frameworks */ = {
			isa = PBXFrameworksBuildPhase;
			buildActionMask = 2147483647;
			files = (
			);
			runOnlyForDeploymentPostprocessing = 0;
		};
		334C3AB222888396008E31FD /* Frameworks */ = {
			isa = PBXFrameworksBuildPhase;
			buildActionMask = 2147483647;
			files = (
			);
			runOnlyForDeploymentPostprocessing = 0;
		};
/* End PBXFrameworksBuildPhase section */

/* Begin PBXGroup section */
		334C3A9822888395008E31FD = {
			isa = PBXGroup;
			children = (
				334C3AA322888395008E31FD /* TicTacToe */,
				334C3AB822888396008E31FD /* TicTacToeTests */,
				334C3AA222888395008E31FD /* Products */,
			);
			sourceTree = "<group>";
		};
		334C3AA222888395008E31FD /* Products */ = {
			isa = PBXGroup;
			children = (
				334C3AA122888395008E31FD /* TicTacToe.app */,
				334C3AB522888396008E31FD /* TicTacToeTests.xctest */,
			);
			name = Products;
			sourceTree = "<group>";
		};
		334C3AA322888395008E31FD /* TicTacToe */ = {
			isa = PBXGroup;
			children = (
				334C3AE422888DEE008E31FD /* Extension */,
				334C3AD3228884CC008E31FD /* Models */,
				334C3AA422888395008E31FD /* AppDelegate.swift */,
				334C3AAB22888396008E31FD /* Assets.xcassets */,
				334C3AAD22888396008E31FD /* LaunchScreen.storyboard */,
				334C3AB022888396008E31FD /* Info.plist */,
			);
			path = TicTacToe;
			sourceTree = "<group>";
		};
		334C3AB822888396008E31FD /* TicTacToeTests */ = {
			isa = PBXGroup;
			children = (
				334C3ACA228884C5008E31FD /* Models */,
				334C3AC7228884BD008E31FD /* Utils */,
				334C3ABB22888396008E31FD /* Info.plist */,
			);
			path = TicTacToeTests;
			sourceTree = "<group>";
		};
		334C3AC7228884BD008E31FD /* Utils */ = {
			isa = PBXGroup;
			children = (
				334C3AC8228884BD008E31FD /* AssertionsAdditions.swift */,
			);
			path = Utils;
			sourceTree = "<group>";
		};
		334C3ACA228884C5008E31FD /* Models */ = {
			isa = PBXGroup;
			children = (
				334C3ACB228884C5008E31FD /* BoardTests.swift */,
				334C3ACC228884C5008E31FD /* PlayerTests.swift */,
				334C3ACD228884C5008E31FD /* TicTacToeTests.swift */,
				334C3ACE228884C5008E31FD /* PlayTests.swift */,
			);
			path = Models;
			sourceTree = "<group>";
		};
		334C3AD3228884CC008E31FD /* Models */ = {
			isa = PBXGroup;
			children = (
				334C3AD4228884CC008E31FD /* TicTacToe.swift */,
				334C3AD5228884CC008E31FD /* Mark.swift */,
				334C3AD6228884CC008E31FD /* Board.swift */,
				334C3AD7228884CC008E31FD /* Player.swift */,
			);
			path = Models;
			sourceTree = "<group>";
		};
		334C3AE422888DEE008E31FD /* Extension */ = {
			isa = PBXGroup;
			children = (
				334C3AE522888E04008E31FD /* Array+Extension.swift */,
			);
			path = Extension;
			sourceTree = "<group>";
		};
/* End PBXGroup section */

/* Begin PBXNativeTarget section */
		334C3AA022888395008E31FD /* TicTacToe */ = {
			isa = PBXNativeTarget;
			buildConfigurationList = 334C3ABE22888396008E31FD /* Build configuration list for PBXNativeTarget "TicTacToe" */;
			buildPhases = (
				334C3A9D22888395008E31FD /* Sources */,
				334C3A9E22888395008E31FD /* Frameworks */,
				334C3A9F22888395008E31FD /* Resources */,
				334C3AC42288841D008E31FD /* swiftlint */,
			);
			buildRules = (
			);
			dependencies = (
			);
			name = TicTacToe;
			productName = TicTacToe;
			productReference = 334C3AA122888395008E31FD /* TicTacToe.app */;
			productType = "com.apple.product-type.application";
		};
		334C3AB422888396008E31FD /* TicTacToeTests */ = {
			isa = PBXNativeTarget;
			buildConfigurationList = 334C3AC122888396008E31FD /* Build configuration list for PBXNativeTarget "TicTacToeTests" */;
			buildPhases = (
				334C3AB122888396008E31FD /* Sources */,
				334C3AB222888396008E31FD /* Frameworks */,
				334C3AB322888396008E31FD /* Resources */,
			);
			buildRules = (
			);
			dependencies = (
				334C3AB722888396008E31FD /* PBXTargetDependency */,
			);
			name = TicTacToeTests;
			productName = TicTacToeTests;
			productReference = 334C3AB522888396008E31FD /* TicTacToeTests.xctest */;
			productType = "com.apple.product-type.bundle.unit-test";
		};
/* End PBXNativeTarget section */

/* Begin PBXProject section */
		334C3A9922888395008E31FD /* Project object */ = {
			isa = PBXProject;
			attributes = {
				LastSwiftUpdateCheck = 1020;
				LastUpgradeCheck = 1020;
				ORGANIZATIONNAME = 2019_DEV_161;
				TargetAttributes = {
					334C3AA022888395008E31FD = {
						CreatedOnToolsVersion = 10.2.1;
					};
					334C3AB422888396008E31FD = {
						CreatedOnToolsVersion = 10.2.1;
						LastSwiftMigration = 1020;
						TestTargetID = 334C3AA022888395008E31FD;
					};
				};
			};
			buildConfigurationList = 334C3A9C22888395008E31FD /* Build configuration list for PBXProject "TicTacToe" */;
			compatibilityVersion = "Xcode 9.3";
			developmentRegion = en;
			hasScannedForEncodings = 0;
			knownRegions = (
				en,
				Base,
			);
			mainGroup = 334C3A9822888395008E31FD;
			productRefGroup = 334C3AA222888395008E31FD /* Products */;
			projectDirPath = "";
			projectRoot = "";
			targets = (
				334C3AA022888395008E31FD /* TicTacToe */,
				334C3AB422888396008E31FD /* TicTacToeTests */,
			);
		};
/* End PBXProject section */

/* Begin PBXResourcesBuildPhase section */
		334C3A9F22888395008E31FD /* Resources */ = {
			isa = PBXResourcesBuildPhase;
			buildActionMask = 2147483647;
			files = (
				334C3AAF22888396008E31FD /* LaunchScreen.storyboard in Resources */,
				334C3AAC22888396008E31FD /* Assets.xcassets in Resources */,
			);
			runOnlyForDeploymentPostprocessing = 0;
		};
		334C3AB322888396008E31FD /* Resources */ = {
			isa = PBXResourcesBuildPhase;
			buildActionMask = 2147483647;
			files = (
			);
			runOnlyForDeploymentPostprocessing = 0;
		};
/* End PBXResourcesBuildPhase section */

/* Begin PBXShellScriptBuildPhase section */
		334C3AC42288841D008E31FD /* swiftlint */ = {
			isa = PBXShellScriptBuildPhase;
			buildActionMask = 2147483647;
			files = (
			);
			inputFileListPaths = (
			);
			inputPaths = (
			);
			name = swiftlint;
			outputFileListPaths = (
			);
			outputPaths = (
			);
			runOnlyForDeploymentPostprocessing = 0;
			shellPath = /bin/sh;
			shellScript = "\nswiftlint lint --path TicTacToe --config ../swiftlint.yml\n";
		};
/* End PBXShellScriptBuildPhase section */

/* Begin PBXSourcesBuildPhase section */
		334C3A9D22888395008E31FD /* Sources */ = {
			isa = PBXSourcesBuildPhase;
			buildActionMask = 2147483647;
			files = (
				334C3AA522888395008E31FD /* AppDelegate.swift in Sources */,
				334C3ADA228884CD008E31FD /* Board.swift in Sources */,
				334C3ADB228884CD008E31FD /* Player.swift in Sources */,
				334C3AE622888E04008E31FD /* Array+Extension.swift in Sources */,
				334C3AD9228884CD008E31FD /* Mark.swift in Sources */,
				334C3AE122888ACF008E31FD /* TicTacToe.swift in Sources */,
			);
			runOnlyForDeploymentPostprocessing = 0;
		};
		334C3AB122888396008E31FD /* Sources */ = {
			isa = PBXSourcesBuildPhase;
			buildActionMask = 2147483647;
			files = (
				334C3AD2228884C5008E31FD /* PlayTests.swift in Sources */,
				334C3AE722888E34008E31FD /* Array+Extension.swift in Sources */,
				334C3ACF228884C5008E31FD /* BoardTests.swift in Sources */,
				334C3AE222888ACF008E31FD /* TicTacToe.swift in Sources */,
				334C3AD0228884C5008E31FD /* PlayerTests.swift in Sources */,
				334C3AE322888AD2008E31FD /* TicTacToeTests.swift in Sources */,
				334C3ADD228884D0008E31FD /* Mark.swift in Sources */,
				334C3ADE228884D0008E31FD /* Board.swift in Sources */,
				334C3ADF228884D0008E31FD /* Player.swift in Sources */,
				334C3AC9228884BD008E31FD /* AssertionsAdditions.swift in Sources */,
			);
			runOnlyForDeploymentPostprocessing = 0;
		};
/* End PBXSourcesBuildPhase section */

/* Begin PBXTargetDependency section */
		334C3AB722888396008E31FD /* PBXTargetDependency */ = {
			isa = PBXTargetDependency;
			target = 334C3AA022888395008E31FD /* TicTacToe */;
			targetProxy = 334C3AB622888396008E31FD /* PBXContainerItemProxy */;
		};
/* End PBXTargetDependency section */

/* Begin PBXVariantGroup section */
		334C3AAD22888396008E31FD /* LaunchScreen.storyboard */ = {
			isa = PBXVariantGroup;
			children = (
				334C3AAE22888396008E31FD /* Base */,
			);
			name = LaunchScreen.storyboard;
			sourceTree = "<group>";
		};
/* End PBXVariantGroup section */

/* Begin XCBuildConfiguration section */
		334C3ABC22888396008E31FD /* Debug */ = {
			isa = XCBuildConfiguration;
			buildSettings = {
				ALWAYS_SEARCH_USER_PATHS = NO;
				CLANG_ANALYZER_NONNULL = YES;
				CLANG_ANALYZER_NUMBER_OBJECT_CONVERSION = YES_AGGRESSIVE;
				CLANG_CXX_LANGUAGE_STANDARD = "gnu++14";
				CLANG_CXX_LIBRARY = "libc++";
				CLANG_ENABLE_MODULES = YES;
				CLANG_ENABLE_OBJC_ARC = YES;
				CLANG_ENABLE_OBJC_WEAK = YES;
				CLANG_WARN_BLOCK_CAPTURE_AUTORELEASING = YES;
				CLANG_WARN_BOOL_CONVERSION = YES;
				CLANG_WARN_COMMA = YES;
				CLANG_WARN_CONSTANT_CONVERSION = YES;
				CLANG_WARN_DEPRECATED_OBJC_IMPLEMENTATIONS = YES;
				CLANG_WARN_DIRECT_OBJC_ISA_USAGE = YES_ERROR;
				CLANG_WARN_DOCUMENTATION_COMMENTS = YES;
				CLANG_WARN_EMPTY_BODY = YES;
				CLANG_WARN_ENUM_CONVERSION = YES;
				CLANG_WARN_INFINITE_RECURSION = YES;
				CLANG_WARN_INT_CONVERSION = YES;
				CLANG_WARN_NON_LITERAL_NULL_CONVERSION = YES;
				CLANG_WARN_OBJC_IMPLICIT_RETAIN_SELF = YES;
				CLANG_WARN_OBJC_LITERAL_CONVERSION = YES;
				CLANG_WARN_OBJC_ROOT_CLASS = YES_ERROR;
				CLANG_WARN_RANGE_LOOP_ANALYSIS = YES;
				CLANG_WARN_STRICT_PROTOTYPES = YES;
				CLANG_WARN_SUSPICIOUS_MOVE = YES;
				CLANG_WARN_UNGUARDED_AVAILABILITY = YES_AGGRESSIVE;
				CLANG_WARN_UNREACHABLE_CODE = YES;
				CLANG_WARN__DUPLICATE_METHOD_MATCH = YES;
				CODE_SIGN_IDENTITY = "iPhone Developer";
				COPY_PHASE_STRIP = NO;
				DEBUG_INFORMATION_FORMAT = dwarf;
				ENABLE_STRICT_OBJC_MSGSEND = YES;
				ENABLE_TESTABILITY = YES;
				GCC_C_LANGUAGE_STANDARD = gnu11;
				GCC_DYNAMIC_NO_PIC = NO;
				GCC_NO_COMMON_BLOCKS = YES;
				GCC_OPTIMIZATION_LEVEL = 0;
				GCC_PREPROCESSOR_DEFINITIONS = (
					"DEBUG=1",
					"$(inherited)",
				);
				GCC_WARN_64_TO_32_BIT_CONVERSION = YES;
				GCC_WARN_ABOUT_RETURN_TYPE = YES_ERROR;
				GCC_WARN_UNDECLARED_SELECTOR = YES;
				GCC_WARN_UNINITIALIZED_AUTOS = YES_AGGRESSIVE;
				GCC_WARN_UNUSED_FUNCTION = YES;
				GCC_WARN_UNUSED_VARIABLE = YES;
				IPHONEOS_DEPLOYMENT_TARGET = 12.2;
				MTL_ENABLE_DEBUG_INFO = INCLUDE_SOURCE;
				MTL_FAST_MATH = YES;
				ONLY_ACTIVE_ARCH = YES;
				SDKROOT = iphoneos;
				SWIFT_ACTIVE_COMPILATION_CONDITIONS = DEBUG;
				SWIFT_OPTIMIZATION_LEVEL = "-Onone";
			};
			name = Debug;
		};
		334C3ABD22888396008E31FD /* Release */ = {
			isa = XCBuildConfiguration;
			buildSettings = {
				ALWAYS_SEARCH_USER_PATHS = NO;
				CLANG_ANALYZER_NONNULL = YES;
				CLANG_ANALYZER_NUMBER_OBJECT_CONVERSION = YES_AGGRESSIVE;
				CLANG_CXX_LANGUAGE_STANDARD = "gnu++14";
				CLANG_CXX_LIBRARY = "libc++";
				CLANG_ENABLE_MODULES = YES;
				CLANG_ENABLE_OBJC_ARC = YES;
				CLANG_ENABLE_OBJC_WEAK = YES;
				CLANG_WARN_BLOCK_CAPTURE_AUTORELEASING = YES;
				CLANG_WARN_BOOL_CONVERSION = YES;
				CLANG_WARN_COMMA = YES;
				CLANG_WARN_CONSTANT_CONVERSION = YES;
				CLANG_WARN_DEPRECATED_OBJC_IMPLEMENTATIONS = YES;
				CLANG_WARN_DIRECT_OBJC_ISA_USAGE = YES_ERROR;
				CLANG_WARN_DOCUMENTATION_COMMENTS = YES;
				CLANG_WARN_EMPTY_BODY = YES;
				CLANG_WARN_ENUM_CONVERSION = YES;
				CLANG_WARN_INFINITE_RECURSION = YES;
				CLANG_WARN_INT_CONVERSION = YES;
				CLANG_WARN_NON_LITERAL_NULL_CONVERSION = YES;
				CLANG_WARN_OBJC_IMPLICIT_RETAIN_SELF = YES;
				CLANG_WARN_OBJC_LITERAL_CONVERSION = YES;
				CLANG_WARN_OBJC_ROOT_CLASS = YES_ERROR;
				CLANG_WARN_RANGE_LOOP_ANALYSIS = YES;
				CLANG_WARN_STRICT_PROTOTYPES = YES;
				CLANG_WARN_SUSPICIOUS_MOVE = YES;
				CLANG_WARN_UNGUARDED_AVAILABILITY = YES_AGGRESSIVE;
				CLANG_WARN_UNREACHABLE_CODE = YES;
				CLANG_WARN__DUPLICATE_METHOD_MATCH = YES;
				CODE_SIGN_IDENTITY = "iPhone Developer";
				COPY_PHASE_STRIP = NO;
				DEBUG_INFORMATION_FORMAT = "dwarf-with-dsym";
				ENABLE_NS_ASSERTIONS = NO;
				ENABLE_STRICT_OBJC_MSGSEND = YES;
				GCC_C_LANGUAGE_STANDARD = gnu11;
				GCC_NO_COMMON_BLOCKS = YES;
				GCC_WARN_64_TO_32_BIT_CONVERSION = YES;
				GCC_WARN_ABOUT_RETURN_TYPE = YES_ERROR;
				GCC_WARN_UNDECLARED_SELECTOR = YES;
				GCC_WARN_UNINITIALIZED_AUTOS = YES_AGGRESSIVE;
				GCC_WARN_UNUSED_FUNCTION = YES;
				GCC_WARN_UNUSED_VARIABLE = YES;
				IPHONEOS_DEPLOYMENT_TARGET = 12.2;
				MTL_ENABLE_DEBUG_INFO = NO;
				MTL_FAST_MATH = YES;
				SDKROOT = iphoneos;
				SWIFT_COMPILATION_MODE = wholemodule;
				SWIFT_OPTIMIZATION_LEVEL = "-O";
				VALIDATE_PRODUCT = YES;
			};
			name = Release;
		};
		334C3ABF22888396008E31FD /* Debug */ = {
			isa = XCBuildConfiguration;
			buildSettings = {
				ASSETCATALOG_COMPILER_APPICON_NAME = AppIcon;
				CODE_SIGN_STYLE = Automatic;
				INFOPLIST_FILE = TicTacToe/Info.plist;
				LD_RUNPATH_SEARCH_PATHS = (
					"$(inherited)",
					"@executable_path/Frameworks",
				);
				PRODUCT_BUNDLE_IDENTIFIER = org.dev.fortis.TicTacToe;
				PRODUCT_NAME = "$(TARGET_NAME)";
				SWIFT_VERSION = 5.0;
				TARGETED_DEVICE_FAMILY = "1,2";
			};
			name = Debug;
		};
		334C3AC022888396008E31FD /* Release */ = {
			isa = XCBuildConfiguration;
			buildSettings = {
				ASSETCATALOG_COMPILER_APPICON_NAME = AppIcon;
				CODE_SIGN_STYLE = Automatic;
				INFOPLIST_FILE = TicTacToe/Info.plist;
				LD_RUNPATH_SEARCH_PATHS = (
					"$(inherited)",
					"@executable_path/Frameworks",
				);
				PRODUCT_BUNDLE_IDENTIFIER = org.dev.fortis.TicTacToe;
				PRODUCT_NAME = "$(TARGET_NAME)";
				SWIFT_VERSION = 5.0;
				TARGETED_DEVICE_FAMILY = "1,2";
			};
			name = Release;
		};
		334C3AC222888396008E31FD /* Debug */ = {
			isa = XCBuildConfiguration;
			buildSettings = {
				ALWAYS_EMBED_SWIFT_STANDARD_LIBRARIES = YES;
				BUNDLE_LOADER = "$(TEST_HOST)";
				CLANG_ENABLE_MODULES = YES;
				CODE_SIGN_STYLE = Automatic;
				INFOPLIST_FILE = TicTacToeTests/Info.plist;
				LD_RUNPATH_SEARCH_PATHS = (
					"$(inherited)",
					"@executable_path/Frameworks",
					"@loader_path/Frameworks",
				);
				PRODUCT_BUNDLE_IDENTIFIER = org.dev.fortis.TicTacToeTests;
				PRODUCT_NAME = "$(TARGET_NAME)";
				SWIFT_OPTIMIZATION_LEVEL = "-Onone";
				SWIFT_VERSION = 5.0;
				TARGETED_DEVICE_FAMILY = "1,2";
				TEST_HOST = "$(BUILT_PRODUCTS_DIR)/TicTacToe.app/TicTacToe";
			};
			name = Debug;
		};
		334C3AC322888396008E31FD /* Release */ = {
			isa = XCBuildConfiguration;
			buildSettings = {
				ALWAYS_EMBED_SWIFT_STANDARD_LIBRARIES = YES;
				BUNDLE_LOADER = "$(TEST_HOST)";
				CLANG_ENABLE_MODULES = YES;
				CODE_SIGN_STYLE = Automatic;
				INFOPLIST_FILE = TicTacToeTests/Info.plist;
				LD_RUNPATH_SEARCH_PATHS = (
					"$(inherited)",
					"@executable_path/Frameworks",
					"@loader_path/Frameworks",
				);
				PRODUCT_BUNDLE_IDENTIFIER = org.dev.fortis.TicTacToeTests;
				PRODUCT_NAME = "$(TARGET_NAME)";
				SWIFT_VERSION = 5.0;
				TARGETED_DEVICE_FAMILY = "1,2";
				TEST_HOST = "$(BUILT_PRODUCTS_DIR)/TicTacToe.app/TicTacToe";
			};
			name = Release;
		};
/* End XCBuildConfiguration section */

/* Begin XCConfigurationList section */
		334C3A9C22888395008E31FD /* Build configuration list for PBXProject "TicTacToe" */ = {
			isa = XCConfigurationList;
			buildConfigurations = (
				334C3ABC22888396008E31FD /* Debug */,
				334C3ABD22888396008E31FD /* Release */,
			);
			defaultConfigurationIsVisible = 0;
			defaultConfigurationName = Release;
		};
		334C3ABE22888396008E31FD /* Build configuration list for PBXNativeTarget "TicTacToe" */ = {
			isa = XCConfigurationList;
			buildConfigurations = (
				334C3ABF22888396008E31FD /* Debug */,
				334C3AC022888396008E31FD /* Release */,
			);
			defaultConfigurationIsVisible = 0;
			defaultConfigurationName = Release;
		};
		334C3AC122888396008E31FD /* Build configuration list for PBXNativeTarget "TicTacToeTests" */ = {
			isa = XCConfigurationList;
			buildConfigurations = (
				334C3AC222888396008E31FD /* Debug */,
				334C3AC322888396008E31FD /* Release */,
			);
			defaultConfigurationIsVisible = 0;
			defaultConfigurationName = Release;
		};
/* End XCConfigurationList section */
	};
	rootObject = 334C3A9922888395008E31FD /* Project object */;
}
